
Microsoft Visual Studio Solution File, Format Version 12.00
# Visual Studio 2012
Project("{2150E333-8FDC-42A3-9474-1A3956D46DE8}") = "Builder", "Builder", "{B0D070A9-B8AD-42BC-88AA-03531986809A}"
EndProject
Project("{FAE04EC0-301F-11D3-BF4B-00C04F79EFBC}") = "BuilderBLLComm", "BuilderBLLComm\BuilderBLLComm.csproj", "{DF57AAC6-F3A7-487B-860B-30E187FF95F1}"
EndProject
Project("{FAE04EC0-301F-11D3-BF4B-00C04F79EFBC}") = "BuilderDALELParam", "BuilderDALELParam\BuilderDALELParam.csproj", "{08FD1C5A-A29F-4276-8BB7-141A0B593351}"
EndProject
Project("{FAE04EC0-301F-11D3-BF4B-00C04F79EFBC}") = "BuilderDALELProc", "BuilderDALELProc\BuilderDALELProc.csproj", "{A2B39944-26A8-449B-9ABD-936F509BA666}"
EndProject
Project("{FAE04EC0-301F-11D3-BF4B-00C04F79EFBC}") = "BuilderDALELSQL", "BuilderDALELSQL\BuilderDALELSQL.csproj", "{30780527-D057-4EDB-A0C8-E3B492628095}"
EndProject
Project("{FAE04EC0-301F-11D3-BF4B-00C04F79EFBC}") = "BuilderDALIBatisNet", "BuilderDALIBatisNet\BuilderDALIBatisNet.csproj", "{7C0D6673-8971-4F35-9408-270470F2052E}"
EndProject
Project("{FAE04EC0-301F-11D3-BF4B-00C04F79EFBC}") = "BuilderDALIBatisNetMapXML", "BuilderDALIBatisNetMapXML\BuilderDALIBatisNetMapXML.csproj", "{1F1F6749-3A52-4EC6-9727-F4C4D74799AF}"
EndProject
Project("{FAE04EC0-301F-11D3-BF4B-00C04F79EFBC}") = "BuilderDALParam", "BuilderDALParam\BuilderDALParam.csproj", "{E7DCA8F9-61BB-44D7-9187-A32BCACB0EA8}"
EndProject
Project("{FAE04EC0-301F-11D3-BF4B-00C04F79EFBC}") = "BuilderDALProc", "BuilderDALProc\BuilderDALProc.csproj", "{8D6BADF8-5CD1-4C3B-89A8-41A156FB22C1}"
EndProject
Project("{FAE04EC0-301F-11D3-BF4B-00C04F79EFBC}") = "BuilderDALSQL", "BuilderDALSQL\BuilderDALSQL.csproj", "{2C2E0F9A-F9F8-4D94-9CA6-7B5A6D5A7F51}"
EndProject
Project("{FAE04EC0-301F-11D3-BF4B-00C04F79EFBC}") = "BuilderDALTranParam", "BuilderDALTranParam\BuilderDALTranParam.csproj", "{831788D1-D790-4FC2-9404-BA8DDAE34ADD}"
EndProject
Project("{FAE04EC0-301F-11D3-BF4B-00C04F79EFBC}") = "BuilderModel", "BuilderModel\BuilderModel.csproj", "{A782F34F-F0A3-4617-BEA7-D4B91521E9CF}"
EndProject
Project("{FAE04EC0-301F-11D3-BF4B-00C04F79EFBC}") = "BuilderWeb", "BuilderWeb\BuilderWeb.csproj", "{005EB59E-7FEF-4E3E-A035-7B6D42CAAF39}"
EndProject
Project("{FAE04EC0-301F-11D3-BF4B-00C04F79EFBC}") = "BuilderWebMVC", "BuilderWebMVC\BuilderWebMVC.csproj", "{2E16DA27-CFBC-4E20-9A1B-6C25368545A3}"
EndProject
Project("{FAE04EC0-301F-11D3-BF4B-00C04F79EFBC}") = "CmConfig", "CmConfig\CmConfig.csproj", "{F00CD7B7-D6BA-4D2D-8E63-84915F276D51}"
EndProject
Project("{FAE04EC0-301F-11D3-BF4B-00C04F79EFBC}") = "CodeBuild", "CodeBuild\CodeBuild.csproj", "{EB6F7AEB-C753-45B7-9378-777AAF5B9BBB}"
EndProject
Project("{FAE04EC0-301F-11D3-BF4B-00C04F79EFBC}") = "CodeHelper", "CodeHelper\CodeHelper.csproj", "{AF5DA0F9-E67D-428C-805A-6CBAFEB062BB}"
EndProject
Project("{FAE04EC0-301F-11D3-BF4B-00C04F79EFBC}") = "DBFactory", "DBFactory\DBFactory.csproj", "{CA4F70B0-20E9-41C7-8D22-7ABDAD9D08D7}"
EndProject
Project("{FAE04EC0-301F-11D3-BF4B-00C04F79EFBC}") = "DbObjects", "DbObjects\DbObjects.csproj", "{1E1667CD-8650-4853-B5AA-5602C11E975E}"
EndProject
Project("{FAE04EC0-301F-11D3-BF4B-00C04F79EFBC}") = "IBuilder", "IBuilder\IBuilder.csproj", "{4ED7F947-7A9D-481C-9E72-6DFD3EC4E349}"
EndProject
Project("{FAE04EC0-301F-11D3-BF4B-00C04F79EFBC}") = "IDBO", "IDBO\IDBO.csproj", "{CA3A8685-D520-4373-8D17-ADE5D07E7BEE}"
EndProject
Project("{FAE04EC0-301F-11D3-BF4B-00C04F79EFBC}") = "LTPTextEditor", "LTPTextEditor\LTPTextEditor.csproj", "{8AF412AC-4202-4B0C-A255-D480250A07FD}"
EndProject
Project("{FAE04EC0-301F-11D3-BF4B-00C04F79EFBC}") = "SplashScrForm", "SplashScrForm\SplashScrForm.csproj", "{8DC29810-68B7-45F9-A829-172BDB24E2B4}"
EndProject
Project("{FAE04EC0-301F-11D3-BF4B-00C04F79EFBC}") = "uninstall", "uninstall\uninstall.csproj", "{2300D704-8450-4EE7-B0E3-4E297B20B7D1}"
EndProject
Project("{FAE04EC0-301F-11D3-BF4B-00C04F79EFBC}") = "UpdateApp", "UpdateApp\UpdateApp.csproj", "{F4FBFD31-83C3-47A1-A11E-9CBC0AA8B451}"
EndProject
Project("{FAE04EC0-301F-11D3-BF4B-00C04F79EFBC}") = "Utility", "Utility\Utility.csproj", "{0AE16468-E103-48A1-BAC6-1782C4BA6911}"
EndProject
Project("{FAE04EC0-301F-11D3-BF4B-00C04F79EFBC}") = "VSProject", "VSProject\VSProject.csproj", "{83F0237E-23A9-4426-BA35-74A99E36432B}"
EndProject
Project("{FAE04EC0-301F-11D3-BF4B-00C04F79EFBC}") = "AddInManager", "AddInManager\AddInManager.csproj", "{F2811B43-D66E-4A7C-BFE7-E3D725451A9B}"
EndProject
Project("{FAE04EC0-301F-11D3-BF4B-00C04F79EFBC}") = "Engine", "Engine\Engine.csproj", "{A9F6F5FD-0439-45D3-A06A-5DFB0EDE4AC0}"
EndProject
Project("{FAE04EC0-301F-11D3-BF4B-00C04F79EFBC}") = "BuilderDALTranMParam", "BuilderDALTranMParam\BuilderDALTranMParam.csproj", "{D7B779B4-6D37-4909-85E2-C8ECFE3AF1EB}"
EndProject
Project("{FAE04EC0-301F-11D3-BF4B-00C04F79EFBC}") = "MagicLibrary", "MagicLibrary\MagicLibrary.csproj", "{581B89E6-573E-4D64-88EC-2AEF3621EEA1}"
EndProject
Project("{2150E333-8FDC-42A3-9474-1A3956D46DE8}") = "Lib", "Lib", "{85D40698-B37C-4DDE-B5C8-0B36935B3E67}"
EndProject
Project("{FAE04EC0-301F-11D3-BF4B-00C04F79EFBC}") = "ConvertCS2VB", "ConvertCS2VB\ConvertCS2VB.csproj", "{0143C652-B127-469A-89FD-A8B11A0B9AB5}"
EndProject
Project("{FAE04EC0-301F-11D3-BF4B-00C04F79EFBC}") = "TextEditor", "TextEditor\TextEditor.csproj", "{0360D70E-5AB7-4B3F-9A5E-67DAB3155FBB}"
EndProject
Project("{FAE04EC0-301F-11D3-BF4B-00C04F79EFBC}") = "BuilderIDAL", "BuilderIDAL\BuilderIDAL.csproj", "{F8597BFE-DB78-4310-9906-653A1F924927}"
EndProject
Project("{FAE04EC0-301F-11D3-BF4B-00C04F79EFBC}") = "Codematic", "Codematic\Codematic.csproj", "{C7A8A8A6-4CEA-4653-9813-4CC97545EF5F}"
EndProject
Global
	GlobalSection(SolutionConfigurationPlatforms) = preSolution
		Debug|Any CPU = Debug|Any CPU
		Release|Any CPU = Release|Any CPU
	EndGlobalSection
	GlobalSection(ProjectConfigurationPlatforms) = postSolution
		{DF57AAC6-F3A7-487B-860B-30E187FF95F1}.Debug|Any CPU.ActiveCfg = Debug|Any CPU
		{DF57AAC6-F3A7-487B-860B-30E187FF95F1}.Debug|Any CPU.Build.0 = Debug|Any CPU
		{DF57AAC6-F3A7-487B-860B-30E187FF95F1}.Release|Any CPU.ActiveCfg = Release|Any CPU
		{DF57AAC6-F3A7-487B-860B-30E187FF95F1}.Release|Any CPU.Build.0 = Release|Any CPU
		{08FD1C5A-A29F-4276-8BB7-141A0B593351}.Debug|Any CPU.ActiveCfg = Debug|Any CPU
		{08FD1C5A-A29F-4276-8BB7-141A0B593351}.Debug|Any CPU.Build.0 = Debug|Any CPU
		{08FD1C5A-A29F-4276-8BB7-141A0B593351}.Release|Any CPU.ActiveCfg = Release|Any CPU
		{08FD1C5A-A29F-4276-8BB7-141A0B593351}.Release|Any CPU.Build.0 = Release|Any CPU
		{A2B39944-26A8-449B-9ABD-936F509BA666}.Debug|Any CPU.ActiveCfg = Debug|Any CPU
		{A2B39944-26A8-449B-9ABD-936F509BA666}.Debug|Any CPU.Build.0 = Debug|Any CPU
		{A2B39944-26A8-449B-9ABD-936F509BA666}.Release|Any CPU.ActiveCfg = Release|Any CPU
		{A2B39944-26A8-449B-9ABD-936F509BA666}.Release|Any CPU.Build.0 = Release|Any CPU
		{30780527-D057-4EDB-A0C8-E3B492628095}.Debug|Any CPU.ActiveCfg = Debug|Any CPU
		{30780527-D057-4EDB-A0C8-E3B492628095}.Debug|Any CPU.Build.0 = Debug|Any CPU
		{30780527-D057-4EDB-A0C8-E3B492628095}.Release|Any CPU.ActiveCfg = Release|Any CPU
		{30780527-D057-4EDB-A0C8-E3B492628095}.Release|Any CPU.Build.0 = Release|Any CPU
		{7C0D6673-8971-4F35-9408-270470F2052E}.Debug|Any CPU.ActiveCfg = Debug|Any CPU
		{7C0D6673-8971-4F35-9408-270470F2052E}.Debug|Any CPU.Build.0 = Debug|Any CPU
		{7C0D6673-8971-4F35-9408-270470F2052E}.Release|Any CPU.ActiveCfg = Release|Any CPU
		{7C0D6673-8971-4F35-9408-270470F2052E}.Release|Any CPU.Build.0 = Release|Any CPU
		{1F1F6749-3A52-4EC6-9727-F4C4D74799AF}.Debug|Any CPU.ActiveCfg = Debug|Any CPU
		{1F1F6749-3A52-4EC6-9727-F4C4D74799AF}.Debug|Any CPU.Build.0 = Debug|Any CPU
		{1F1F6749-3A52-4EC6-9727-F4C4D74799AF}.Release|Any CPU.ActiveCfg = Release|Any CPU
		{1F1F6749-3A52-4EC6-9727-F4C4D74799AF}.Release|Any CPU.Build.0 = Release|Any CPU
		{E7DCA8F9-61BB-44D7-9187-A32BCACB0EA8}.Debug|Any CPU.ActiveCfg = Debug|Any CPU
		{E7DCA8F9-61BB-44D7-9187-A32BCACB0EA8}.Debug|Any CPU.Build.0 = Debug|Any CPU
		{E7DCA8F9-61BB-44D7-9187-A32BCACB0EA8}.Release|Any CPU.ActiveCfg = Release|Any CPU
		{E7DCA8F9-61BB-44D7-9187-A32BCACB0EA8}.Release|Any CPU.Build.0 = Release|Any CPU
		{8D6BADF8-5CD1-4C3B-89A8-41A156FB22C1}.Debug|Any CPU.ActiveCfg = Debug|Any CPU
		{8D6BADF8-5CD1-4C3B-89A8-41A156FB22C1}.Debug|Any CPU.Build.0 = Debug|Any CPU
		{8D6BADF8-5CD1-4C3B-89A8-41A156FB22C1}.Release|Any CPU.ActiveCfg = Release|Any CPU
		{8D6BADF8-5CD1-4C3B-89A8-41A156FB22C1}.Release|Any CPU.Build.0 = Release|Any CPU
		{2C2E0F9A-F9F8-4D94-9CA6-7B5A6D5A7F51}.Debug|Any CPU.ActiveCfg = Debug|Any CPU
		{2C2E0F9A-F9F8-4D94-9CA6-7B5A6D5A7F51}.Debug|Any CPU.Build.0 = Debug|Any CPU
		{2C2E0F9A-F9F8-4D94-9CA6-7B5A6D5A7F51}.Release|Any CPU.ActiveCfg = Release|Any CPU
		{2C2E0F9A-F9F8-4D94-9CA6-7B5A6D5A7F51}.Release|Any CPU.Build.0 = Release|Any CPU
		{831788D1-D790-4FC2-9404-BA8DDAE34ADD}.Debug|Any CPU.ActiveCfg = Debug|Any CPU
		{831788D1-D790-4FC2-9404-BA8DDAE34ADD}.Debug|Any CPU.Build.0 = Debug|Any CPU
		{831788D1-D790-4FC2-9404-BA8DDAE34ADD}.Release|Any CPU.ActiveCfg = Release|Any CPU
		{831788D1-D790-4FC2-9404-BA8DDAE34ADD}.Release|Any CPU.Build.0 = Release|Any CPU
		{A782F34F-F0A3-4617-BEA7-D4B91521E9CF}.Debug|Any CPU.ActiveCfg = Debug|Any CPU
		{A782F34F-F0A3-4617-BEA7-D4B91521E9CF}.Debug|Any CPU.Build.0 = Debug|Any CPU
		{A782F34F-F0A3-4617-BEA7-D4B91521E9CF}.Release|Any CPU.ActiveCfg = Release|Any CPU
		{A782F34F-F0A3-4617-BEA7-D4B91521E9CF}.Release|Any CPU.Build.0 = Release|Any CPU
		{005EB59E-7FEF-4E3E-A035-7B6D42CAAF39}.Debug|Any CPU.ActiveCfg = Debug|Any CPU
		{005EB59E-7FEF-4E3E-A035-7B6D42CAAF39}.Debug|Any CPU.Build.0 = Debug|Any CPU
		{005EB59E-7FEF-4E3E-A035-7B6D42CAAF39}.Release|Any CPU.ActiveCfg = Release|Any CPU
		{005EB59E-7FEF-4E3E-A035-7B6D42CAAF39}.Release|Any CPU.Build.0 = Release|Any CPU
		{2E16DA27-CFBC-4E20-9A1B-6C25368545A3}.Debug|Any CPU.ActiveCfg = Debug|Any CPU
		{2E16DA27-CFBC-4E20-9A1B-6C25368545A3}.Debug|Any CPU.Build.0 = Debug|Any CPU
		{2E16DA27-CFBC-4E20-9A1B-6C25368545A3}.Release|Any CPU.ActiveCfg = Release|Any CPU
		{2E16DA27-CFBC-4E20-9A1B-6C25368545A3}.Release|Any CPU.Build.0 = Release|Any CPU
		{F00CD7B7-D6BA-4D2D-8E63-84915F276D51}.Debug|Any CPU.ActiveCfg = Debug|Any CPU
		{F00CD7B7-D6BA-4D2D-8E63-84915F276D51}.Debug|Any CPU.Build.0 = Debug|Any CPU
		{F00CD7B7-D6BA-4D2D-8E63-84915F276D51}.Release|Any CPU.ActiveCfg = Release|Any CPU
		{F00CD7B7-D6BA-4D2D-8E63-84915F276D51}.Release|Any CPU.Build.0 = Release|Any CPU
		{EB6F7AEB-C753-45B7-9378-777AAF5B9BBB}.Debug|Any CPU.ActiveCfg = Debug|Any CPU
		{EB6F7AEB-C753-45B7-9378-777AAF5B9BBB}.Debug|Any CPU.Build.0 = Debug|Any CPU
		{EB6F7AEB-C753-45B7-9378-777AAF5B9BBB}.Release|Any CPU.ActiveCfg = Release|Any CPU
		{EB6F7AEB-C753-45B7-9378-777AAF5B9BBB}.Release|Any CPU.Build.0 = Release|Any CPU
		{AF5DA0F9-E67D-428C-805A-6CBAFEB062BB}.Debug|Any CPU.ActiveCfg = Debug|Any CPU
		{AF5DA0F9-E67D-428C-805A-6CBAFEB062BB}.Debug|Any CPU.Build.0 = Debug|Any CPU
		{AF5DA0F9-E67D-428C-805A-6CBAFEB062BB}.Release|Any CPU.ActiveCfg = Release|Any CPU
		{AF5DA0F9-E67D-428C-805A-6CBAFEB062BB}.Release|Any CPU.Build.0 = Release|Any CPU
		{CA4F70B0-20E9-41C7-8D22-7ABDAD9D08D7}.Debug|Any CPU.ActiveCfg = Debug|Any CPU
		{CA4F70B0-20E9-41C7-8D22-7ABDAD9D08D7}.Debug|Any CPU.Build.0 = Debug|Any CPU
		{CA4F70B0-20E9-41C7-8D22-7ABDAD9D08D7}.Release|Any CPU.ActiveCfg = Release|Any CPU
		{CA4F70B0-20E9-41C7-8D22-7ABDAD9D08D7}.Release|Any CPU.Build.0 = Release|Any CPU
		{1E1667CD-8650-4853-B5AA-5602C11E975E}.Debug|Any CPU.ActiveCfg = Debug|Any CPU
		{1E1667CD-8650-4853-B5AA-5602C11E975E}.Debug|Any CPU.Build.0 = Debug|Any CPU
		{1E1667CD-8650-4853-B5AA-5602C11E975E}.Release|Any CPU.ActiveCfg = Release|Any CPU
		{1E1667CD-8650-4853-B5AA-5602C11E975E}.Release|Any CPU.Build.0 = Release|Any CPU
		{4ED7F947-7A9D-481C-9E72-6DFD3EC4E349}.Debug|Any CPU.ActiveCfg = Debug|Any CPU
		{4ED7F947-7A9D-481C-9E72-6DFD3EC4E349}.Debug|Any CPU.Build.0 = Debug|Any CPU
		{4ED7F947-7A9D-481C-9E72-6DFD3EC4E349}.Release|Any CPU.ActiveCfg = Release|Any CPU
		{4ED7F947-7A9D-481C-9E72-6DFD3EC4E349}.Release|Any CPU.Build.0 = Release|Any CPU
		{CA3A8685-D520-4373-8D17-ADE5D07E7BEE}.Debug|Any CPU.ActiveCfg = Debug|Any CPU
		{CA3A8685-D520-4373-8D17-ADE5D07E7BEE}.Debug|Any CPU.Build.0 = Debug|Any CPU
		{CA3A8685-D520-4373-8D17-ADE5D07E7BEE}.Release|Any CPU.ActiveCfg = Release|Any CPU
		{CA3A8685-D520-4373-8D17-ADE5D07E7BEE}.Release|Any CPU.Build.0 = Release|Any CPU
		{8AF412AC-4202-4B0C-A255-D480250A07FD}.Debug|Any CPU.ActiveCfg = Debug|Any CPU
		{8AF412AC-4202-4B0C-A255-D480250A07FD}.Debug|Any CPU.Build.0 = Debug|Any CPU
		{8AF412AC-4202-4B0C-A255-D480250A07FD}.Release|Any CPU.ActiveCfg = Release|Any CPU
		{8AF412AC-4202-4B0C-A255-D480250A07FD}.Release|Any CPU.Build.0 = Release|Any CPU
		{8DC29810-68B7-45F9-A829-172BDB24E2B4}.Debug|Any CPU.ActiveCfg = Debug|Any CPU
		{8DC29810-68B7-45F9-A829-172BDB24E2B4}.Debug|Any CPU.Build.0 = Debug|Any CPU
		{8DC29810-68B7-45F9-A829-172BDB24E2B4}.Release|Any CPU.ActiveCfg = Release|Any CPU
		{8DC29810-68B7-45F9-A829-172BDB24E2B4}.Release|Any CPU.Build.0 = Release|Any CPU
		{2300D704-8450-4EE7-B0E3-4E297B20B7D1}.Debug|Any CPU.ActiveCfg = Debug|Any CPU
		{2300D704-8450-4EE7-B0E3-4E297B20B7D1}.Debug|Any CPU.Build.0 = Debug|Any CPU
		{2300D704-8450-4EE7-B0E3-4E297B20B7D1}.Release|Any CPU.ActiveCfg = Release|Any CPU
		{2300D704-8450-4EE7-B0E3-4E297B20B7D1}.Release|Any CPU.Build.0 = Release|Any CPU
		{F4FBFD31-83C3-47A1-A11E-9CBC0AA8B451}.Debug|Any CPU.ActiveCfg = Debug|Any CPU
		{F4FBFD31-83C3-47A1-A11E-9CBC0AA8B451}.Debug|Any CPU.Build.0 = Debug|Any CPU
		{F4FBFD31-83C3-47A1-A11E-9CBC0AA8B451}.Release|Any CPU.ActiveCfg = Release|Any CPU
		{F4FBFD31-83C3-47A1-A11E-9CBC0AA8B451}.Release|Any CPU.Build.0 = Release|Any CPU
		{0AE16468-E103-48A1-BAC6-1782C4BA6911}.Debug|Any CPU.ActiveCfg = Debug|Any CPU
		{0AE16468-E103-48A1-BAC6-1782C4BA6911}.Debug|Any CPU.Build.0 = Debug|Any CPU
		{0AE16468-E103-48A1-BAC6-1782C4BA6911}.Release|Any CPU.ActiveCfg = Release|Any CPU
		{0AE16468-E103-48A1-BAC6-1782C4BA6911}.Release|Any CPU.Build.0 = Release|Any CPU
		{83F0237E-23A9-4426-BA35-74A99E36432B}.Debug|Any CPU.ActiveCfg = Debug|Any CPU
		{83F0237E-23A9-4426-BA35-74A99E36432B}.Debug|Any CPU.Build.0 = Debug|Any CPU
		{83F0237E-23A9-4426-BA35-74A99E36432B}.Release|Any CPU.ActiveCfg = Release|Any CPU
		{83F0237E-23A9-4426-BA35-74A99E36432B}.Release|Any CPU.Build.0 = Release|Any CPU
		{F2811B43-D66E-4A7C-BFE7-E3D725451A9B}.Debug|Any CPU.ActiveCfg = Debug|Any CPU
		{F2811B43-D66E-4A7C-BFE7-E3D725451A9B}.Debug|Any CPU.Build.0 = Debug|Any CPU
		{F2811B43-D66E-4A7C-BFE7-E3D725451A9B}.Release|Any CPU.ActiveCfg = Release|Any CPU
		{F2811B43-D66E-4A7C-BFE7-E3D725451A9B}.Release|Any CPU.Build.0 = Release|Any CPU
		{A9F6F5FD-0439-45D3-A06A-5DFB0EDE4AC0}.Debug|Any CPU.ActiveCfg = Debug|Any CPU
		{A9F6F5FD-0439-45D3-A06A-5DFB0EDE4AC0}.Debug|Any CPU.Build.0 = Debug|Any CPU
		{A9F6F5FD-0439-45D3-A06A-5DFB0EDE4AC0}.Release|Any CPU.ActiveCfg = Release|Any CPU
		{A9F6F5FD-0439-45D3-A06A-5DFB0EDE4AC0}.Release|Any CPU.Build.0 = Release|Any CPU
		{D7B779B4-6D37-4909-85E2-C8ECFE3AF1EB}.Debug|Any CPU.ActiveCfg = Debug|Any CPU
		{D7B779B4-6D37-4909-85E2-C8ECFE3AF1EB}.Debug|Any CPU.Build.0 = Debug|Any CPU
		{D7B779B4-6D37-4909-85E2-C8ECFE3AF1EB}.Release|Any CPU.ActiveCfg = Release|Any CPU
		{D7B779B4-6D37-4909-85E2-C8ECFE3AF1EB}.Release|Any CPU.Build.0 = Release|Any CPU
		{581B89E6-573E-4D64-88EC-2AEF3621EEA1}.Debug|Any CPU.ActiveCfg = Debug|Any CPU
		{581B89E6-573E-4D64-88EC-2AEF3621EEA1}.Debug|Any CPU.Build.0 = Debug|Any CPU
		{581B89E6-573E-4D64-88EC-2AEF3621EEA1}.Release|Any CPU.ActiveCfg = Release|Any CPU
		{581B89E6-573E-4D64-88EC-2AEF3621EEA1}.Release|Any CPU.Build.0 = Release|Any CPU
		{0143C652-B127-469A-89FD-A8B11A0B9AB5}.Debug|Any CPU.ActiveCfg = Debug|Any CPU
		{0143C652-B127-469A-89FD-A8B11A0B9AB5}.Debug|Any CPU.Build.0 = Debug|Any CPU
		{0143C652-B127-469A-89FD-A8B11A0B9AB5}.Release|Any CPU.ActiveCfg = Release|Any CPU
		{0143C652-B127-469A-89FD-A8B11A0B9AB5}.Release|Any CPU.Build.0 = Release|Any CPU
		{0360D70E-5AB7-4B3F-9A5E-67DAB3155FBB}.Debug|Any CPU.ActiveCfg = Debug|Any CPU
		{0360D70E-5AB7-4B3F-9A5E-67DAB3155FBB}.Debug|Any CPU.Build.0 = Debug|Any CPU
		{0360D70E-5AB7-4B3F-9A5E-67DAB3155FBB}.Release|Any CPU.ActiveCfg = Release|Any CPU
		{0360D70E-5AB7-4B3F-9A5E-67DAB3155FBB}.Release|Any CPU.Build.0 = Release|Any CPU
		{F8597BFE-DB78-4310-9906-653A1F924927}.Debug|Any CPU.ActiveCfg = Debug|Any CPU
		{F8597BFE-DB78-4310-9906-653A1F924927}.Debug|Any CPU.Build.0 = Debug|Any CPU
		{F8597BFE-DB78-4310-9906-653A1F924927}.Release|Any CPU.ActiveCfg = Release|Any CPU
		{F8597BFE-DB78-4310-9906-653A1F924927}.Release|Any CPU.Build.0 = Release|Any CPU
		{C7A8A8A6-4CEA-4653-9813-4CC97545EF5F}.Debug|Any CPU.ActiveCfg = Debug|Any CPU
		{C7A8A8A6-4CEA-4653-9813-4CC97545EF5F}.Debug|Any CPU.Build.0 = Debug|Any CPU
		{C7A8A8A6-4CEA-4653-9813-4CC97545EF5F}.Release|Any CPU.ActiveCfg = Release|Any CPU
		{C7A8A8A6-4CEA-4653-9813-4CC97545EF5F}.Release|Any CPU.Build.0 = Release|Any CPU
	EndGlobalSection
	GlobalSection(SolutionProperties) = preSolution
		HideSolutionNode = FALSE
	EndGlobalSection
	GlobalSection(NestedProjects) = preSolution
		{DF57AAC6-F3A7-487B-860B-30E187FF95F1} = {B0D070A9-B8AD-42BC-88AA-03531986809A}
		{08FD1C5A-A29F-4276-8BB7-141A0B593351} = {B0D070A9-B8AD-42BC-88AA-03531986809A}
		{A2B39944-26A8-449B-9ABD-936F509BA666} = {B0D070A9-B8AD-42BC-88AA-03531986809A}
		{30780527-D057-4EDB-A0C8-E3B492628095} = {B0D070A9-B8AD-42BC-88AA-03531986809A}
		{7C0D6673-8971-4F35-9408-270470F2052E} = {B0D070A9-B8AD-42BC-88AA-03531986809A}
		{1F1F6749-3A52-4EC6-9727-F4C4D74799AF} = {B0D070A9-B8AD-42BC-88AA-03531986809A}
		{E7DCA8F9-61BB-44D7-9187-A32BCACB0EA8} = {B0D070A9-B8AD-42BC-88AA-03531986809A}
		{8D6BADF8-5CD1-4C3B-89A8-41A156FB22C1} = {B0D070A9-B8AD-42BC-88AA-03531986809A}
		{2C2E0F9A-F9F8-4D94-9CA6-7B5A6D5A7F51} = {B0D070A9-B8AD-42BC-88AA-03531986809A}
		{D7B779B4-6D37-4909-85E2-C8ECFE3AF1EB} = {B0D070A9-B8AD-42BC-88AA-03531986809A}
		{831788D1-D790-4FC2-9404-BA8DDAE34ADD} = {B0D070A9-B8AD-42BC-88AA-03531986809A}
		{F8597BFE-DB78-4310-9906-653A1F924927} = {B0D070A9-B8AD-42BC-88AA-03531986809A}
		{A782F34F-F0A3-4617-BEA7-D4B91521E9CF} = {B0D070A9-B8AD-42BC-88AA-03531986809A}
		{005EB59E-7FEF-4E3E-A035-7B6D42CAAF39} = {B0D070A9-B8AD-42BC-88AA-03531986809A}
		{581B89E6-573E-4D64-88EC-2AEF3621EEA1} = {85D40698-B37C-4DDE-B5C8-0B36935B3E67}
		{8DC29810-68B7-45F9-A829-172BDB24E2B4} = {85D40698-B37C-4DDE-B5C8-0B36935B3E67}
		{83F0237E-23A9-4426-BA35-74A99E36432B} = {85D40698-B37C-4DDE-B5C8-0B36935B3E67}
		{F4FBFD31-83C3-47A1-A11E-9CBC0AA8B451} = {85D40698-B37C-4DDE-B5C8-0B36935B3E67}
		{2E16DA27-CFBC-4E20-9A1B-6C25368545A3} = {85D40698-B37C-4DDE-B5C8-0B36935B3E67}
	EndGlobalSection
EndGlobal
